// !$*UTF8*$!
{
	archiveVersion = 1;
	classes = {
	};
	objectVersion = 50;
	objects = {

/* Begin PBXBuildFile section */
		5201DA8D2425F17500CC104E /* LocationManager.swift in Sources */ = {isa = PBXBuildFile; fileRef = 5201DA8C2425F17500CC104E /* LocationManager.swift */; };
		5215AC072427D9BA003F3344 /* GaugeComplication.swift in Sources */ = {isa = PBXBuildFile; fileRef = 5215AC062427D9BA003F3344 /* GaugeComplication.swift */; };
		5215AC092427DB0C003F3344 /* OpenGaugeComplication.swift in Sources */ = {isa = PBXBuildFile; fileRef = 5215AC082427DB0C003F3344 /* OpenGaugeComplication.swift */; };
		5215AC0B2427E4A6003F3344 /* CircularSmallComplication.swift in Sources */ = {isa = PBXBuildFile; fileRef = 5215AC0A2427E4A6003F3344 /* CircularSmallComplication.swift */; };
		5215AC0D2427E7C5003F3344 /* ModularSmallComplication.swift in Sources */ = {isa = PBXBuildFile; fileRef = 5215AC0C2427E7C5003F3344 /* ModularSmallComplication.swift */; };
		5215AC0F2427EB38003F3344 /* UtilitarianComplications.swift in Sources */ = {isa = PBXBuildFile; fileRef = 5215AC0E2427EB38003F3344 /* UtilitarianComplications.swift */; };
		5216B52A242831D500A23802 /* GraphicRectangularComplication.swift in Sources */ = {isa = PBXBuildFile; fileRef = 5216B529242831D500A23802 /* GraphicRectangularComplication.swift */; };
		5216B52C2428372700A23802 /* GraphicBezelComplication.swift in Sources */ = {isa = PBXBuildFile; fileRef = 5216B52B2428372700A23802 /* GraphicBezelComplication.swift */; };
		5216B52E24283B2C00A23802 /* ModularLargeComplicationHelper.swift in Sources */ = {isa = PBXBuildFile; fileRef = 5216B52D24283B2C00A23802 /* ModularLargeComplicationHelper.swift */; };
		5216B5302428429800A23802 /* ExtraLargeComplicationHelper.swift in Sources */ = {isa = PBXBuildFile; fileRef = 5216B52F2428429800A23802 /* ExtraLargeComplicationHelper.swift */; };
		5228ACDB2425A80100642DE1 /* UVIndex.swift in Sources */ = {isa = PBXBuildFile; fileRef = 5228ACDA2425A80100642DE1 /* UVIndex.swift */; };
		5228ACDD2425AFFB00642DE1 /* FoundationExtensions.swift in Sources */ = {isa = PBXBuildFile; fileRef = 5228ACDC2425AFFB00642DE1 /* FoundationExtensions.swift */; };
		5229DD8D242925D1008FBCF3 /* BackgroundUpdateHelper.swift in Sources */ = {isa = PBXBuildFile; fileRef = 5229DD8C242925D1008FBCF3 /* BackgroundUpdateHelper.swift */; };
		522CE7AD242526520079CDEE /* UV Forecast.app in Embed Watch Content */ = {isa = PBXBuildFile; fileRef = 522CE7AC242526520079CDEE /* UV Forecast.app */; settings = {ATTRIBUTES = (RemoveHeadersOnCopy, ); }; };
		522CE7B3242526520079CDEE /* Interface.storyboard in Resources */ = {isa = PBXBuildFile; fileRef = 522CE7B1242526520079CDEE /* Interface.storyboard */; };
		522CE7B5242526530079CDEE /* Assets.xcassets in Resources */ = {isa = PBXBuildFile; fileRef = 522CE7B4242526530079CDEE /* Assets.xcassets */; };
		522CE7BC242526530079CDEE /* UV Forecast.appex in Embed App Extensions */ = {isa = PBXBuildFile; fileRef = 522CE7BB242526530079CDEE /* UV Forecast.appex */; settings = {ATTRIBUTES = (RemoveHeadersOnCopy, ); }; };
		522CE7C3242526530079CDEE /* HostingController.swift in Sources */ = {isa = PBXBuildFile; fileRef = 522CE7C2242526530079CDEE /* HostingController.swift */; };
		522CE7C5242526530079CDEE /* ExtensionDelegate.swift in Sources */ = {isa = PBXBuildFile; fileRef = 522CE7C4242526530079CDEE /* ExtensionDelegate.swift */; };
		522CE7C7242526530079CDEE /* ComplicationController.swift in Sources */ = {isa = PBXBuildFile; fileRef = 522CE7C6242526530079CDEE /* ComplicationController.swift */; };
		522CE7C9242526540079CDEE /* Assets.xcassets in Resources */ = {isa = PBXBuildFile; fileRef = 522CE7C8242526540079CDEE /* Assets.xcassets */; };
		522CE7CC242526540079CDEE /* Preview Assets.xcassets in Resources */ = {isa = PBXBuildFile; fileRef = 522CE7CB242526540079CDEE /* Preview Assets.xcassets */; };
		522CE7DE24252EE10079CDEE /* TodayView.swift in Sources */ = {isa = PBXBuildFile; fileRef = 522CE7DD24252EE10079CDEE /* TodayView.swift */; };
		522CE7E024252EF80079CDEE /* ForecastView.swift in Sources */ = {isa = PBXBuildFile; fileRef = 522CE7DF24252EF80079CDEE /* ForecastView.swift */; };
		522CE7E2242530E30079CDEE /* HeaderView.swift in Sources */ = {isa = PBXBuildFile; fileRef = 522CE7E1242530E30079CDEE /* HeaderView.swift */; };
		522CE7E524253D890079CDEE /* DarkSkyAPI.swift in Sources */ = {isa = PBXBuildFile; fileRef = 522CE7E424253D890079CDEE /* DarkSkyAPI.swift */; };
		529E6F8F24270A590017D512 /* DataStore.swift in Sources */ = {isa = PBXBuildFile; fileRef = 529E6F8E24270A590017D512 /* DataStore.swift */; };
		52BCC43E2426D7F400B67BBB /* ErrorView.swift in Sources */ = {isa = PBXBuildFile; fileRef = 52BCC43D2426D7F400B67BBB /* ErrorView.swift */; };
		52BCC4402426D83D00B67BBB /* UVForecastRowView.swift in Sources */ = {isa = PBXBuildFile; fileRef = 52BCC43F2426D83D00B67BBB /* UVForecastRowView.swift */; };
		52BCC4432426D87600B67BBB /* LoadingView.swift in Sources */ = {isa = PBXBuildFile; fileRef = 52BCC4422426D87600B67BBB /* LoadingView.swift */; };
		52E3D809242C048B00CD9923 /* ComplicationHelper.swift in Sources */ = {isa = PBXBuildFile; fileRef = 52E3D808242C048B00CD9923 /* ComplicationHelper.swift */; };
		52E43EEB242FE2F4002924DC /* ForecastTimeline.swift in Sources */ = {isa = PBXBuildFile; fileRef = 52E43EEA242FE2F4002924DC /* ForecastTimeline.swift */; };
		52E43EED242FF327002924DC /* ForecastListView.swift in Sources */ = {isa = PBXBuildFile; fileRef = 52E43EEC242FF327002924DC /* ForecastListView.swift */; };
/* End PBXBuildFile section */

/* Begin PBXContainerItemProxy section */
		522CE7AE242526520079CDEE /* PBXContainerItemProxy */ = {
			isa = PBXContainerItemProxy;
			containerPortal = 522CE7A2242526520079CDEE /* Project object */;
			proxyType = 1;
			remoteGlobalIDString = 522CE7AB242526520079CDEE;
			remoteInfo = "UV Forecast WatchKit App";
		};
		522CE7BD242526530079CDEE /* PBXContainerItemProxy */ = {
			isa = PBXContainerItemProxy;
			containerPortal = 522CE7A2242526520079CDEE /* Project object */;
			proxyType = 1;
			remoteGlobalIDString = 522CE7BA242526530079CDEE;
			remoteInfo = "UV Forecast WatchKit Extension";
		};
/* End PBXContainerItemProxy section */

/* Begin PBXCopyFilesBuildPhase section */
		522CE7D3242526540079CDEE /* Embed App Extensions */ = {
			isa = PBXCopyFilesBuildPhase;
			buildActionMask = 2147483647;
			dstPath = "";
			dstSubfolderSpec = 13;
			files = (
				522CE7BC242526530079CDEE /* UV Forecast.appex in Embed App Extensions */,
			);
			name = "Embed App Extensions";
			runOnlyForDeploymentPostprocessing = 0;
		};
		522CE7D7242526540079CDEE /* Embed Watch Content */ = {
			isa = PBXCopyFilesBuildPhase;
			buildActionMask = 2147483647;
			dstPath = "$(CONTENTS_FOLDER_PATH)/Watch";
			dstSubfolderSpec = 16;
			files = (
				522CE7AD242526520079CDEE /* UV Forecast.app in Embed Watch Content */,
			);
			name = "Embed Watch Content";
			runOnlyForDeploymentPostprocessing = 0;
		};
/* End PBXCopyFilesBuildPhase section */

/* Begin PBXFileReference section */
		5201DA8C2425F17500CC104E /* LocationManager.swift */ = {isa = PBXFileReference; lastKnownFileType = sourcecode.swift; path = LocationManager.swift; sourceTree = "<group>"; };
		5215AC062427D9BA003F3344 /* GaugeComplication.swift */ = {isa = PBXFileReference; lastKnownFileType = sourcecode.swift; path = GaugeComplication.swift; sourceTree = "<group>"; };
		5215AC082427DB0C003F3344 /* OpenGaugeComplication.swift */ = {isa = PBXFileReference; lastKnownFileType = sourcecode.swift; path = OpenGaugeComplication.swift; sourceTree = "<group>"; };
		5215AC0A2427E4A6003F3344 /* CircularSmallComplication.swift */ = {isa = PBXFileReference; lastKnownFileType = sourcecode.swift; path = CircularSmallComplication.swift; sourceTree = "<group>"; };
		5215AC0C2427E7C5003F3344 /* ModularSmallComplication.swift */ = {isa = PBXFileReference; lastKnownFileType = sourcecode.swift; path = ModularSmallComplication.swift; sourceTree = "<group>"; };
		5215AC0E2427EB38003F3344 /* UtilitarianComplications.swift */ = {isa = PBXFileReference; lastKnownFileType = sourcecode.swift; path = UtilitarianComplications.swift; sourceTree = "<group>"; };
		5216B529242831D500A23802 /* GraphicRectangularComplication.swift */ = {isa = PBXFileReference; lastKnownFileType = sourcecode.swift; path = GraphicRectangularComplication.swift; sourceTree = "<group>"; };
		5216B52B2428372700A23802 /* GraphicBezelComplication.swift */ = {isa = PBXFileReference; lastKnownFileType = sourcecode.swift; path = GraphicBezelComplication.swift; sourceTree = "<group>"; };
		5216B52D24283B2C00A23802 /* ModularLargeComplicationHelper.swift */ = {isa = PBXFileReference; lastKnownFileType = sourcecode.swift; path = ModularLargeComplicationHelper.swift; sourceTree = "<group>"; };
		5216B52F2428429800A23802 /* ExtraLargeComplicationHelper.swift */ = {isa = PBXFileReference; lastKnownFileType = sourcecode.swift; path = ExtraLargeComplicationHelper.swift; sourceTree = "<group>"; };
		5228ACDA2425A80100642DE1 /* UVIndex.swift */ = {isa = PBXFileReference; lastKnownFileType = sourcecode.swift; path = UVIndex.swift; sourceTree = "<group>"; };
		5228ACDC2425AFFB00642DE1 /* FoundationExtensions.swift */ = {isa = PBXFileReference; lastKnownFileType = sourcecode.swift; path = FoundationExtensions.swift; sourceTree = "<group>"; };
		5229DD8C242925D1008FBCF3 /* BackgroundUpdateHelper.swift */ = {isa = PBXFileReference; lastKnownFileType = sourcecode.swift; path = BackgroundUpdateHelper.swift; sourceTree = "<group>"; };
		522CE7A8242526520079CDEE /* UV Forecast.app */ = {isa = PBXFileReference; explicitFileType = wrapper.application; includeInIndex = 0; path = "UV Forecast.app"; sourceTree = BUILT_PRODUCTS_DIR; };
		522CE7AC242526520079CDEE /* UV Forecast.app */ = {isa = PBXFileReference; explicitFileType = wrapper.application; includeInIndex = 0; path = "UV Forecast.app"; sourceTree = BUILT_PRODUCTS_DIR; };
		522CE7B2242526520079CDEE /* Base */ = {isa = PBXFileReference; lastKnownFileType = file.storyboard; name = Base; path = Base.lproj/Interface.storyboard; sourceTree = "<group>"; };
		522CE7B4242526530079CDEE /* Assets.xcassets */ = {isa = PBXFileReference; lastKnownFileType = folder.assetcatalog; path = Assets.xcassets; sourceTree = "<group>"; };
		522CE7B6242526530079CDEE /* Info.plist */ = {isa = PBXFileReference; lastKnownFileType = text.plist.xml; path = Info.plist; sourceTree = "<group>"; };
		522CE7BB242526530079CDEE /* UV Forecast.appex */ = {isa = PBXFileReference; explicitFileType = "wrapper.app-extension"; includeInIndex = 0; path = "UV Forecast.appex"; sourceTree = BUILT_PRODUCTS_DIR; };
		522CE7C2242526530079CDEE /* HostingController.swift */ = {isa = PBXFileReference; lastKnownFileType = sourcecode.swift; path = HostingController.swift; sourceTree = "<group>"; };
		522CE7C4242526530079CDEE /* ExtensionDelegate.swift */ = {isa = PBXFileReference; lastKnownFileType = sourcecode.swift; path = ExtensionDelegate.swift; sourceTree = "<group>"; };
		522CE7C6242526530079CDEE /* ComplicationController.swift */ = {isa = PBXFileReference; lastKnownFileType = sourcecode.swift; path = ComplicationController.swift; sourceTree = "<group>"; };
		522CE7C8242526540079CDEE /* Assets.xcassets */ = {isa = PBXFileReference; lastKnownFileType = folder.assetcatalog; path = Assets.xcassets; sourceTree = "<group>"; };
		522CE7CB242526540079CDEE /* Preview Assets.xcassets */ = {isa = PBXFileReference; lastKnownFileType = folder.assetcatalog; path = "Preview Assets.xcassets"; sourceTree = "<group>"; };
		522CE7CD242526540079CDEE /* Info.plist */ = {isa = PBXFileReference; lastKnownFileType = text.plist.xml; path = Info.plist; sourceTree = "<group>"; };
		522CE7DD24252EE10079CDEE /* TodayView.swift */ = {isa = PBXFileReference; lastKnownFileType = sourcecode.swift; path = TodayView.swift; sourceTree = "<group>"; };
		522CE7DF24252EF80079CDEE /* ForecastView.swift */ = {isa = PBXFileReference; lastKnownFileType = sourcecode.swift; path = ForecastView.swift; sourceTree = "<group>"; };
		522CE7E1242530E30079CDEE /* HeaderView.swift */ = {isa = PBXFileReference; lastKnownFileType = sourcecode.swift; path = HeaderView.swift; sourceTree = "<group>"; };
		522CE7E424253D890079CDEE /* DarkSkyAPI.swift */ = {isa = PBXFileReference; lastKnownFileType = sourcecode.swift; path = DarkSkyAPI.swift; sourceTree = "<group>"; };
		529E6F8E24270A590017D512 /* DataStore.swift */ = {isa = PBXFileReference; lastKnownFileType = sourcecode.swift; path = DataStore.swift; sourceTree = "<group>"; };
		52BCC43D2426D7F400B67BBB /* ErrorView.swift */ = {isa = PBXFileReference; lastKnownFileType = sourcecode.swift; path = ErrorView.swift; sourceTree = "<group>"; };
		52BCC43F2426D83D00B67BBB /* UVForecastRowView.swift */ = {isa = PBXFileReference; lastKnownFileType = sourcecode.swift; path = UVForecastRowView.swift; sourceTree = "<group>"; };
		52BCC4422426D87600B67BBB /* LoadingView.swift */ = {isa = PBXFileReference; lastKnownFileType = sourcecode.swift; path = LoadingView.swift; sourceTree = "<group>"; };
		52E3D808242C048B00CD9923 /* ComplicationHelper.swift */ = {isa = PBXFileReference; lastKnownFileType = sourcecode.swift; path = ComplicationHelper.swift; sourceTree = "<group>"; };
		52E43EEA242FE2F4002924DC /* ForecastTimeline.swift */ = {isa = PBXFileReference; lastKnownFileType = sourcecode.swift; path = ForecastTimeline.swift; sourceTree = "<group>"; };
		52E43EEC242FF327002924DC /* ForecastListView.swift */ = {isa = PBXFileReference; lastKnownFileType = sourcecode.swift; path = ForecastListView.swift; sourceTree = "<group>"; };
/* End PBXFileReference section */

/* Begin PBXFrameworksBuildPhase section */
		522CE7B8242526530079CDEE /* Frameworks */ = {
			isa = PBXFrameworksBuildPhase;
			buildActionMask = 2147483647;
			files = (
			);
			runOnlyForDeploymentPostprocessing = 0;
		};
/* End PBXFrameworksBuildPhase section */

/* Begin PBXGroup section */
		5215AC052427D99C003F3344 /* Complications */ = {
			isa = PBXGroup;
			children = (
				522CE7C6242526530079CDEE /* ComplicationController.swift */,
				52E3D808242C048B00CD9923 /* ComplicationHelper.swift */,
				5215AC082427DB0C003F3344 /* OpenGaugeComplication.swift */,
				5215AC062427D9BA003F3344 /* GaugeComplication.swift */,
				5215AC0A2427E4A6003F3344 /* CircularSmallComplication.swift */,
				5215AC0C2427E7C5003F3344 /* ModularSmallComplication.swift */,
				5216B52D24283B2C00A23802 /* ModularLargeComplicationHelper.swift */,
				5215AC0E2427EB38003F3344 /* UtilitarianComplications.swift */,
				5216B529242831D500A23802 /* GraphicRectangularComplication.swift */,
				5216B52B2428372700A23802 /* GraphicBezelComplication.swift */,
				5216B52F2428429800A23802 /* ExtraLargeComplicationHelper.swift */,
			);
			path = Complications;
			sourceTree = "<group>";
		};
		522CE7A1242526520079CDEE = {
			isa = PBXGroup;
			children = (
				522CE7B0242526520079CDEE /* UV Forecast WatchKit App */,
				522CE7BF242526530079CDEE /* UV Forecast WatchKit Extension */,
				522CE7A9242526520079CDEE /* Products */,
			);
			sourceTree = "<group>";
		};
		522CE7A9242526520079CDEE /* Products */ = {
			isa = PBXGroup;
			children = (
				522CE7A8242526520079CDEE /* UV Forecast.app */,
				522CE7AC242526520079CDEE /* UV Forecast.app */,
				522CE7BB242526530079CDEE /* UV Forecast.appex */,
			);
			name = Products;
			sourceTree = "<group>";
		};
		522CE7B0242526520079CDEE /* UV Forecast WatchKit App */ = {
			isa = PBXGroup;
			children = (
				522CE7B1242526520079CDEE /* Interface.storyboard */,
				522CE7B4242526530079CDEE /* Assets.xcassets */,
				522CE7B6242526530079CDEE /* Info.plist */,
			);
			path = "UV Forecast WatchKit App";
			sourceTree = "<group>";
		};
		522CE7BF242526530079CDEE /* UV Forecast WatchKit Extension */ = {
			isa = PBXGroup;
			children = (
				522CE7C2242526530079CDEE /* HostingController.swift */,
				522CE7C4242526530079CDEE /* ExtensionDelegate.swift */,
				52BCC4412426D86000B67BBB /* Common Views */,
				522CE7DB24252EBB0079CDEE /* Views */,
				52E43EEE242FF942002924DC /* Data Model */,
				522CE7E424253D890079CDEE /* DarkSkyAPI.swift */,
				5201DA8C2425F17500CC104E /* LocationManager.swift */,
				5229DD8C242925D1008FBCF3 /* BackgroundUpdateHelper.swift */,
				5228ACDC2425AFFB00642DE1 /* FoundationExtensions.swift */,
				5215AC052427D99C003F3344 /* Complications */,
				522CE7C8242526540079CDEE /* Assets.xcassets */,
				522CE7CD242526540079CDEE /* Info.plist */,
				522CE7CA242526540079CDEE /* Preview Content */,
			);
			path = "UV Forecast WatchKit Extension";
			sourceTree = "<group>";
		};
		522CE7CA242526540079CDEE /* Preview Content */ = {
			isa = PBXGroup;
			children = (
				522CE7CB242526540079CDEE /* Preview Assets.xcassets */,
			);
			path = "Preview Content";
			sourceTree = "<group>";
		};
		522CE7DB24252EBB0079CDEE /* Views */ = {
			isa = PBXGroup;
			children = (
				522CE7DD24252EE10079CDEE /* TodayView.swift */,
				522CE7DF24252EF80079CDEE /* ForecastView.swift */,
			);
			path = Views;
			sourceTree = "<group>";
		};
		52BCC4412426D86000B67BBB /* Common Views */ = {
			isa = PBXGroup;
			children = (
				522CE7E1242530E30079CDEE /* HeaderView.swift */,
				52BCC43D2426D7F400B67BBB /* ErrorView.swift */,
				52BCC4422426D87600B67BBB /* LoadingView.swift */,
				52E43EEC242FF327002924DC /* ForecastListView.swift */,
				52BCC43F2426D83D00B67BBB /* UVForecastRowView.swift */,
			);
			path = "Common Views";
			sourceTree = "<group>";
		};
		52E43EEE242FF942002924DC /* Data Model */ = {
			isa = PBXGroup;
			children = (
				529E6F8E24270A590017D512 /* DataStore.swift */,
				52E43EEA242FE2F4002924DC /* ForecastTimeline.swift */,
				5228ACDA2425A80100642DE1 /* UVIndex.swift */,
			);
			path = "Data Model";
			sourceTree = "<group>";
		};
/* End PBXGroup section */

/* Begin PBXNativeTarget section */
		522CE7A7242526520079CDEE /* UV Forecast */ = {
			isa = PBXNativeTarget;
			buildConfigurationList = 522CE7D8242526540079CDEE /* Build configuration list for PBXNativeTarget "UV Forecast" */;
			buildPhases = (
				522CE7A6242526520079CDEE /* Resources */,
				522CE7D7242526540079CDEE /* Embed Watch Content */,
			);
			buildRules = (
			);
			dependencies = (
				522CE7AF242526520079CDEE /* PBXTargetDependency */,
			);
			name = "UV Forecast";
			productName = "UV Forecast";
			productReference = 522CE7A8242526520079CDEE /* UV Forecast.app */;
			productType = "com.apple.product-type.application.watchapp2-container";
		};
		522CE7AB242526520079CDEE /* UV Forecast WatchKit App */ = {
			isa = PBXNativeTarget;
			buildConfigurationList = 522CE7D4242526540079CDEE /* Build configuration list for PBXNativeTarget "UV Forecast WatchKit App" */;
			buildPhases = (
				522CE7AA242526520079CDEE /* Resources */,
				522CE7D3242526540079CDEE /* Embed App Extensions */,
			);
			buildRules = (
			);
			dependencies = (
				522CE7BE242526530079CDEE /* PBXTargetDependency */,
			);
			name = "UV Forecast WatchKit App";
			productName = "UV Forecast WatchKit App";
			productReference = 522CE7AC242526520079CDEE /* UV Forecast.app */;
			productType = "com.apple.product-type.application.watchapp2";
		};
		522CE7BA242526530079CDEE /* UV Forecast WatchKit Extension */ = {
			isa = PBXNativeTarget;
			buildConfigurationList = 522CE7D0242526540079CDEE /* Build configuration list for PBXNativeTarget "UV Forecast WatchKit Extension" */;
			buildPhases = (
				522CE7B7242526530079CDEE /* Sources */,
				522CE7B8242526530079CDEE /* Frameworks */,
				522CE7B9242526530079CDEE /* Resources */,
			);
			buildRules = (
			);
			dependencies = (
			);
			name = "UV Forecast WatchKit Extension";
			productName = "UV Forecast WatchKit Extension";
			productReference = 522CE7BB242526530079CDEE /* UV Forecast.appex */;
			productType = "com.apple.product-type.watchkit2-extension";
		};
/* End PBXNativeTarget section */

/* Begin PBXProject section */
		522CE7A2242526520079CDEE /* Project object */ = {
			isa = PBXProject;
			attributes = {
				LastSwiftUpdateCheck = 1130;
				LastUpgradeCheck = 1130;
				ORGANIZATIONNAME = Wickham;
				TargetAttributes = {
					522CE7A7242526520079CDEE = {
						CreatedOnToolsVersion = 11.3.1;
					};
					522CE7AB242526520079CDEE = {
						CreatedOnToolsVersion = 11.3.1;
					};
					522CE7BA242526530079CDEE = {
						CreatedOnToolsVersion = 11.3.1;
					};
				};
			};
			buildConfigurationList = 522CE7A5242526520079CDEE /* Build configuration list for PBXProject "UV Forecast" */;
			compatibilityVersion = "Xcode 9.3";
			developmentRegion = en;
			hasScannedForEncodings = 0;
			knownRegions = (
				en,
				Base,
			);
			mainGroup = 522CE7A1242526520079CDEE;
			productRefGroup = 522CE7A9242526520079CDEE /* Products */;
			projectDirPath = "";
			projectRoot = "";
			targets = (
				522CE7A7242526520079CDEE /* UV Forecast */,
				522CE7AB242526520079CDEE /* UV Forecast WatchKit App */,
				522CE7BA242526530079CDEE /* UV Forecast WatchKit Extension */,
			);
		};
/* End PBXProject section */

/* Begin PBXResourcesBuildPhase section */
		522CE7A6242526520079CDEE /* Resources */ = {
			isa = PBXResourcesBuildPhase;
			buildActionMask = 2147483647;
			files = (
			);
			runOnlyForDeploymentPostprocessing = 0;
		};
		522CE7AA242526520079CDEE /* Resources */ = {
			isa = PBXResourcesBuildPhase;
			buildActionMask = 2147483647;
			files = (
				522CE7B5242526530079CDEE /* Assets.xcassets in Resources */,
				522CE7B3242526520079CDEE /* Interface.storyboard in Resources */,
			);
			runOnlyForDeploymentPostprocessing = 0;
		};
		522CE7B9242526530079CDEE /* Resources */ = {
			isa = PBXResourcesBuildPhase;
			buildActionMask = 2147483647;
			files = (
				522CE7CC242526540079CDEE /* Preview Assets.xcassets in Resources */,
				522CE7C9242526540079CDEE /* Assets.xcassets in Resources */,
			);
			runOnlyForDeploymentPostprocessing = 0;
		};
/* End PBXResourcesBuildPhase section */

/* Begin PBXSourcesBuildPhase section */
		522CE7B7242526530079CDEE /* Sources */ = {
			isa = PBXSourcesBuildPhase;
			buildActionMask = 2147483647;
			files = (
				522CE7C3242526530079CDEE /* HostingController.swift in Sources */,
				522CE7C7242526530079CDEE /* ComplicationController.swift in Sources */,
				5201DA8D2425F17500CC104E /* LocationManager.swift in Sources */,
				522CE7E524253D890079CDEE /* DarkSkyAPI.swift in Sources */,
				522CE7DE24252EE10079CDEE /* TodayView.swift in Sources */,
				522CE7C5242526530079CDEE /* ExtensionDelegate.swift in Sources */,
				5215AC092427DB0C003F3344 /* OpenGaugeComplication.swift in Sources */,
				5216B52A242831D500A23802 /* GraphicRectangularComplication.swift in Sources */,
				5216B52C2428372700A23802 /* GraphicBezelComplication.swift in Sources */,
				5216B5302428429800A23802 /* ExtraLargeComplicationHelper.swift in Sources */,
				52BCC4402426D83D00B67BBB /* UVForecastRowView.swift in Sources */,
				529E6F8F24270A590017D512 /* DataStore.swift in Sources */,
				52E43EED242FF327002924DC /* ForecastListView.swift in Sources */,
				522CE7E024252EF80079CDEE /* ForecastView.swift in Sources */,
				5215AC0D2427E7C5003F3344 /* ModularSmallComplication.swift in Sources */,
				5215AC0B2427E4A6003F3344 /* CircularSmallComplication.swift in Sources */,
				5215AC072427D9BA003F3344 /* GaugeComplication.swift in Sources */,
				522CE7E2242530E30079CDEE /* HeaderView.swift in Sources */,
				5228ACDB2425A80100642DE1 /* UVIndex.swift in Sources */,
				5229DD8D242925D1008FBCF3 /* BackgroundUpdateHelper.swift in Sources */,
				5228ACDD2425AFFB00642DE1 /* FoundationExtensions.swift in Sources */,
				52E3D809242C048B00CD9923 /* ComplicationHelper.swift in Sources */,
				5216B52E24283B2C00A23802 /* ModularLargeComplicationHelper.swift in Sources */,
				5215AC0F2427EB38003F3344 /* UtilitarianComplications.swift in Sources */,
				52BCC4432426D87600B67BBB /* LoadingView.swift in Sources */,
				52BCC43E2426D7F400B67BBB /* ErrorView.swift in Sources */,
				52E43EEB242FE2F4002924DC /* ForecastTimeline.swift in Sources */,
			);
			runOnlyForDeploymentPostprocessing = 0;
		};
/* End PBXSourcesBuildPhase section */

/* Begin PBXTargetDependency section */
		522CE7AF242526520079CDEE /* PBXTargetDependency */ = {
			isa = PBXTargetDependency;
			target = 522CE7AB242526520079CDEE /* UV Forecast WatchKit App */;
			targetProxy = 522CE7AE242526520079CDEE /* PBXContainerItemProxy */;
		};
		522CE7BE242526530079CDEE /* PBXTargetDependency */ = {
			isa = PBXTargetDependency;
			target = 522CE7BA242526530079CDEE /* UV Forecast WatchKit Extension */;
			targetProxy = 522CE7BD242526530079CDEE /* PBXContainerItemProxy */;
		};
/* End PBXTargetDependency section */

/* Begin PBXVariantGroup section */
		522CE7B1242526520079CDEE /* Interface.storyboard */ = {
			isa = PBXVariantGroup;
			children = (
				522CE7B2242526520079CDEE /* Base */,
			);
			name = Interface.storyboard;
			sourceTree = "<group>";
		};
/* End PBXVariantGroup section */

/* Begin XCBuildConfiguration section */
		522CE7CE242526540079CDEE /* Debug */ = {
			isa = XCBuildConfiguration;
			buildSettings = {
				ALWAYS_SEARCH_USER_PATHS = NO;
				CLANG_ANALYZER_NONNULL = YES;
				CLANG_ANALYZER_NUMBER_OBJECT_CONVERSION = YES_AGGRESSIVE;
				CLANG_CXX_LANGUAGE_STANDARD = "gnu++14";
				CLANG_CXX_LIBRARY = "libc++";
				CLANG_ENABLE_MODULES = YES;
				CLANG_ENABLE_OBJC_ARC = YES;
				CLANG_ENABLE_OBJC_WEAK = YES;
				CLANG_WARN_BLOCK_CAPTURE_AUTORELEASING = YES;
				CLANG_WARN_BOOL_CONVERSION = YES;
				CLANG_WARN_COMMA = YES;
				CLANG_WARN_CONSTANT_CONVERSION = YES;
				CLANG_WARN_DEPRECATED_OBJC_IMPLEMENTATIONS = YES;
				CLANG_WARN_DIRECT_OBJC_ISA_USAGE = YES_ERROR;
				CLANG_WARN_DOCUMENTATION_COMMENTS = YES;
				CLANG_WARN_EMPTY_BODY = YES;
				CLANG_WARN_ENUM_CONVERSION = YES;
				CLANG_WARN_INFINITE_RECURSION = YES;
				CLANG_WARN_INT_CONVERSION = YES;
				CLANG_WARN_NON_LITERAL_NULL_CONVERSION = YES;
				CLANG_WARN_OBJC_IMPLICIT_RETAIN_SELF = YES;
				CLANG_WARN_OBJC_LITERAL_CONVERSION = YES;
				CLANG_WARN_OBJC_ROOT_CLASS = YES_ERROR;
				CLANG_WARN_RANGE_LOOP_ANALYSIS = YES;
				CLANG_WARN_STRICT_PROTOTYPES = YES;
				CLANG_WARN_SUSPICIOUS_MOVE = YES;
				CLANG_WARN_UNGUARDED_AVAILABILITY = YES_AGGRESSIVE;
				CLANG_WARN_UNREACHABLE_CODE = YES;
				CLANG_WARN__DUPLICATE_METHOD_MATCH = YES;
				COPY_PHASE_STRIP = NO;
				DEBUG_INFORMATION_FORMAT = dwarf;
				ENABLE_STRICT_OBJC_MSGSEND = YES;
				ENABLE_TESTABILITY = YES;
				GCC_C_LANGUAGE_STANDARD = gnu11;
				GCC_DYNAMIC_NO_PIC = NO;
				GCC_NO_COMMON_BLOCKS = YES;
				GCC_OPTIMIZATION_LEVEL = 0;
				GCC_PREPROCESSOR_DEFINITIONS = (
					"DEBUG=1",
					"$(inherited)",
				);
				GCC_WARN_64_TO_32_BIT_CONVERSION = YES;
				GCC_WARN_ABOUT_RETURN_TYPE = YES_ERROR;
				GCC_WARN_UNDECLARED_SELECTOR = YES;
				GCC_WARN_UNINITIALIZED_AUTOS = YES_AGGRESSIVE;
				GCC_WARN_UNUSED_FUNCTION = YES;
				GCC_WARN_UNUSED_VARIABLE = YES;
				MTL_ENABLE_DEBUG_INFO = INCLUDE_SOURCE;
				MTL_FAST_MATH = YES;
				ONLY_ACTIVE_ARCH = YES;
				SDKROOT = iphoneos;
				SWIFT_ACTIVE_COMPILATION_CONDITIONS = DEBUG;
				SWIFT_OPTIMIZATION_LEVEL = "-Onone";
			};
			name = Debug;
		};
		522CE7CF242526540079CDEE /* Release */ = {
			isa = XCBuildConfiguration;
			buildSettings = {
				ALWAYS_SEARCH_USER_PATHS = NO;
				CLANG_ANALYZER_NONNULL = YES;
				CLANG_ANALYZER_NUMBER_OBJECT_CONVERSION = YES_AGGRESSIVE;
				CLANG_CXX_LANGUAGE_STANDARD = "gnu++14";
				CLANG_CXX_LIBRARY = "libc++";
				CLANG_ENABLE_MODULES = YES;
				CLANG_ENABLE_OBJC_ARC = YES;
				CLANG_ENABLE_OBJC_WEAK = YES;
				CLANG_WARN_BLOCK_CAPTURE_AUTORELEASING = YES;
				CLANG_WARN_BOOL_CONVERSION = YES;
				CLANG_WARN_COMMA = YES;
				CLANG_WARN_CONSTANT_CONVERSION = YES;
				CLANG_WARN_DEPRECATED_OBJC_IMPLEMENTATIONS = YES;
				CLANG_WARN_DIRECT_OBJC_ISA_USAGE = YES_ERROR;
				CLANG_WARN_DOCUMENTATION_COMMENTS = YES;
				CLANG_WARN_EMPTY_BODY = YES;
				CLANG_WARN_ENUM_CONVERSION = YES;
				CLANG_WARN_INFINITE_RECURSION = YES;
				CLANG_WARN_INT_CONVERSION = YES;
				CLANG_WARN_NON_LITERAL_NULL_CONVERSION = YES;
				CLANG_WARN_OBJC_IMPLICIT_RETAIN_SELF = YES;
				CLANG_WARN_OBJC_LITERAL_CONVERSION = YES;
				CLANG_WARN_OBJC_ROOT_CLASS = YES_ERROR;
				CLANG_WARN_RANGE_LOOP_ANALYSIS = YES;
				CLANG_WARN_STRICT_PROTOTYPES = YES;
				CLANG_WARN_SUSPICIOUS_MOVE = YES;
				CLANG_WARN_UNGUARDED_AVAILABILITY = YES_AGGRESSIVE;
				CLANG_WARN_UNREACHABLE_CODE = YES;
				CLANG_WARN__DUPLICATE_METHOD_MATCH = YES;
				COPY_PHASE_STRIP = NO;
				DEBUG_INFORMATION_FORMAT = "dwarf-with-dsym";
				ENABLE_NS_ASSERTIONS = NO;
				ENABLE_STRICT_OBJC_MSGSEND = YES;
				GCC_C_LANGUAGE_STANDARD = gnu11;
				GCC_NO_COMMON_BLOCKS = YES;
				GCC_WARN_64_TO_32_BIT_CONVERSION = YES;
				GCC_WARN_ABOUT_RETURN_TYPE = YES_ERROR;
				GCC_WARN_UNDECLARED_SELECTOR = YES;
				GCC_WARN_UNINITIALIZED_AUTOS = YES_AGGRESSIVE;
				GCC_WARN_UNUSED_FUNCTION = YES;
				GCC_WARN_UNUSED_VARIABLE = YES;
				MTL_ENABLE_DEBUG_INFO = NO;
				MTL_FAST_MATH = YES;
				SDKROOT = iphoneos;
				SWIFT_COMPILATION_MODE = wholemodule;
				SWIFT_OPTIMIZATION_LEVEL = "-O";
				VALIDATE_PRODUCT = YES;
			};
			name = Release;
		};
		522CE7D1242526540079CDEE /* Debug */ = {
			isa = XCBuildConfiguration;
			buildSettings = {
				ASSETCATALOG_COMPILER_COMPLICATION_NAME = Complication;
				CODE_SIGN_STYLE = Automatic;
				DEVELOPMENT_ASSET_PATHS = "\"UV Forecast WatchKit Extension/Preview Content\"";
				DEVELOPMENT_TEAM = QEQ6263LD9;
				ENABLE_PREVIEWS = YES;
				INFOPLIST_FILE = "UV Forecast WatchKit Extension/Info.plist";
				LD_RUNPATH_SEARCH_PATHS = (
					"$(inherited)",
					"@executable_path/Frameworks",
					"@executable_path/../../Frameworks",
				);
				PRODUCT_BUNDLE_IDENTIFIER = "com.Wickham.UV-Forecast.watchkitapp.watchkitextension";
				PRODUCT_NAME = "UV Forecast";
				SDKROOT = watchos;
				SKIP_INSTALL = YES;
				SWIFT_VERSION = 5.0;
				TARGETED_DEVICE_FAMILY = 4;
				WATCHOS_DEPLOYMENT_TARGET = 6.2;
			};
			name = Debug;
		};
		522CE7D2242526540079CDEE /* Release */ = {
			isa = XCBuildConfiguration;
			buildSettings = {
				ASSETCATALOG_COMPILER_COMPLICATION_NAME = Complication;
				CODE_SIGN_STYLE = Automatic;
				DEVELOPMENT_ASSET_PATHS = "\"UV Forecast WatchKit Extension/Preview Content\"";
				DEVELOPMENT_TEAM = QEQ6263LD9;
				ENABLE_PREVIEWS = YES;
				INFOPLIST_FILE = "UV Forecast WatchKit Extension/Info.plist";
				LD_RUNPATH_SEARCH_PATHS = (
					"$(inherited)",
					"@executable_path/Frameworks",
					"@executable_path/../../Frameworks",
				);
				PRODUCT_BUNDLE_IDENTIFIER = "com.Wickham.UV-Forecast.watchkitapp.watchkitextension";
				PRODUCT_NAME = "UV Forecast";
				SDKROOT = watchos;
				SKIP_INSTALL = YES;
				SWIFT_VERSION = 5.0;
				TARGETED_DEVICE_FAMILY = 4;
				WATCHOS_DEPLOYMENT_TARGET = 6.2;
			};
			name = Release;
		};
		522CE7D5242526540079CDEE /* Debug */ = {
			isa = XCBuildConfiguration;
			buildSettings = {
				ALWAYS_EMBED_SWIFT_STANDARD_LIBRARIES = YES;
				ASSETCATALOG_COMPILER_APPICON_NAME = AppIcon;
				CODE_SIGN_STYLE = Automatic;
				DEVELOPMENT_TEAM = QEQ6263LD9;
				IBSC_MODULE = UV_Forecast_WatchKit_Extension;
				INFOPLIST_FILE = "UV Forecast WatchKit App/Info.plist";
				PRODUCT_BUNDLE_IDENTIFIER = "com.Wickham.UV-Forecast.watchkitapp";
				PRODUCT_NAME = "UV Forecast";
				SDKROOT = watchos;
				SKIP_INSTALL = YES;
				SWIFT_VERSION = 5.0;
				TARGETED_DEVICE_FAMILY = 4;
				WATCHOS_DEPLOYMENT_TARGET = 6.2;
			};
			name = Debug;
		};
		522CE7D6242526540079CDEE /* Release */ = {
			isa = XCBuildConfiguration;
			buildSettings = {
				ALWAYS_EMBED_SWIFT_STANDARD_LIBRARIES = YES;
				ASSETCATALOG_COMPILER_APPICON_NAME = AppIcon;
				CODE_SIGN_STYLE = Automatic;
				DEVELOPMENT_TEAM = QEQ6263LD9;
				IBSC_MODULE = UV_Forecast_WatchKit_Extension;
				INFOPLIST_FILE = "UV Forecast WatchKit App/Info.plist";
				PRODUCT_BUNDLE_IDENTIFIER = "com.Wickham.UV-Forecast.watchkitapp";
				PRODUCT_NAME = "UV Forecast";
				SDKROOT = watchos;
				SKIP_INSTALL = YES;
				SWIFT_VERSION = 5.0;
				TARGETED_DEVICE_FAMILY = 4;
				WATCHOS_DEPLOYMENT_TARGET = 6.2;
			};
			name = Release;
		};
		522CE7D9242526540079CDEE /* Debug */ = {
			isa = XCBuildConfiguration;
			buildSettings = {
				CODE_SIGN_STYLE = Automatic;
				CURRENT_PROJECT_VERSION = 1;
				DEVELOPMENT_TEAM = QEQ6263LD9;
				MARKETING_VERSION = 1.0;
				PRODUCT_BUNDLE_IDENTIFIER = "com.Wickham.UV-Forecast";
				PRODUCT_NAME = "$(TARGET_NAME)";
				SWIFT_VERSION = 5.0;
			};
			name = Debug;
		};
		522CE7DA242526540079CDEE /* Release */ = {
			isa = XCBuildConfiguration;
			buildSettings = {
				CODE_SIGN_STYLE = Automatic;
				CURRENT_PROJECT_VERSION = 1;
				DEVELOPMENT_TEAM = QEQ6263LD9;
				MARKETING_VERSION = 1.0;
				PRODUCT_BUNDLE_IDENTIFIER = "com.Wickham.UV-Forecast";
				PRODUCT_NAME = "$(TARGET_NAME)";
				SWIFT_VERSION = 5.0;
			};
			name = Release;
		};
/* End XCBuildConfiguration section */

/* Begin XCConfigurationList section */
		522CE7A5242526520079CDEE /* Build configuration list for PBXProject "UV Forecast" */ = {
			isa = XCConfigurationList;
			buildConfigurations = (
				522CE7CE242526540079CDEE /* Debug */,
				522CE7CF242526540079CDEE /* Release */,
			);
			defaultConfigurationIsVisible = 0;
			defaultConfigurationName = Release;
		};
		522CE7D0242526540079CDEE /* Build configuration list for PBXNativeTarget "UV Forecast WatchKit Extension" */ = {
			isa = XCConfigurationList;
			buildConfigurations = (
				522CE7D1242526540079CDEE /* Debug */,
				522CE7D2242526540079CDEE /* Release */,
			);
			defaultConfigurationIsVisible = 0;
			defaultConfigurationName = Release;
		};
		522CE7D4242526540079CDEE /* Build configuration list for PBXNativeTarget "UV Forecast WatchKit App" */ = {
			isa = XCConfigurationList;
			buildConfigurations = (
				522CE7D5242526540079CDEE /* Debug */,
				522CE7D6242526540079CDEE /* Release */,
			);
			defaultConfigurationIsVisible = 0;
			defaultConfigurationName = Release;
		};
		522CE7D8242526540079CDEE /* Build configuration list for PBXNativeTarget "UV Forecast" */ = {
			isa = XCConfigurationList;
			buildConfigurations = (
				522CE7D9242526540079CDEE /* Debug */,
				522CE7DA242526540079CDEE /* Release */,
			);
			defaultConfigurationIsVisible = 0;
			defaultConfigurationName = Release;
		};
/* End XCConfigurationList section */
	};
	rootObject = 522CE7A2242526520079CDEE /* Project object */;
}
